
Microsoft Visual Studio Solution File, Format Version 11.00
# Visual Studio 2010
Project("{FAE04EC0-301F-11D3-BF4B-00C04F79EFBC}") = "DontBlink", "Assembly-CSharp-firstpass.csproj", "{9F3117C1-D9E7-7FB3-7A70-6D9FDEBADF45}"
EndProject
Project("{FAE04EC0-301F-11D3-BF4B-00C04F79EFBC}") = "DontBlink", "Assembly-CSharp.csproj", "{DFB7DE44-7224-3A6A-8D45-BF9D8B885E6A}"
EndProject
Project("{FAE04EC0-301F-11D3-BF4B-00C04F79EFBC}") = "DontBlink", "Assembly-CSharp-Editor.csproj", "{E5DC94EF-95EA-3914-ACFF-D9544D263745}"
EndProject
Global
	GlobalSection(SolutionConfigurationPlatforms) = preSolution
		Debug|Any CPU = Debug|Any CPU
		Release|Any CPU = Release|Any CPU
	EndGlobalSection
	GlobalSection(ProjectConfigurationPlatforms) = postSolution
		{9F3117C1-D9E7-7FB3-7A70-6D9FDEBADF45}.Debug|Any CPU.ActiveCfg = Debug|Any CPU
		{9F3117C1-D9E7-7FB3-7A70-6D9FDEBADF45}.Debug|Any CPU.Build.0 = Debug|Any CPU
		{9F3117C1-D9E7-7FB3-7A70-6D9FDEBADF45}.Release|Any CPU.ActiveCfg = Release|Any CPU
		{9F3117C1-D9E7-7FB3-7A70-6D9FDEBADF45}.Release|Any CPU.Build.0 = Release|Any CPU
		{DFB7DE44-7224-3A6A-8D45-BF9D8B885E6A}.Debug|Any CPU.ActiveCfg = Debug|Any CPU
		{DFB7DE44-7224-3A6A-8D45-BF9D8B885E6A}.Debug|Any CPU.Build.0 = Debug|Any CPU
		{DFB7DE44-7224-3A6A-8D45-BF9D8B885E6A}.Release|Any CPU.ActiveCfg = Release|Any CPU
		{DFB7DE44-7224-3A6A-8D45-BF9D8B885E6A}.Release|Any CPU.Build.0 = Release|Any CPU
		{E5DC94EF-95EA-3914-ACFF-D9544D263745}.Debug|Any CPU.ActiveCfg = Debug|Any CPU
		{E5DC94EF-95EA-3914-ACFF-D9544D263745}.Debug|Any CPU.Build.0 = Debug|Any CPU
		{E5DC94EF-95EA-3914-ACFF-D9544D263745}.Release|Any CPU.ActiveCfg = Release|Any CPU
		{E5DC94EF-95EA-3914-ACFF-D9544D263745}.Release|Any CPU.Build.0 = Release|Any CPU
	EndGlobalSection
	GlobalSection(SolutionProperties) = preSolution
		HideSolutionNode = FALSE
	EndGlobalSection
	GlobalSection(MonoDevelopProperties) = preSolution
		StartupItem = Assembly-CSharp.csproj
	EndGlobalSection
EndGlobal
